// !$*UTF8*$!
{
	archiveVersion = 1;
	classes = {
	};
	objectVersion = 52;
	objects = {

/* Begin PBXBuildFile section */
		040046452B2202E20084CF80 /* TVSeriesDetailsView.swift in Sources */ = {isa = PBXBuildFile; fileRef = 040046442B2202E20084CF80 /* TVSeriesDetailsView.swift */; };
		040046482B22031A0084CF80 /* TVSeriesData.swift in Sources */ = {isa = PBXBuildFile; fileRef = 040046472B22031A0084CF80 /* TVSeriesData.swift */; };
		0400464B2B2203790084CF80 /* TVSeriesDetailsViewModel.swift in Sources */ = {isa = PBXBuildFile; fileRef = 0400464A2B2203790084CF80 /* TVSeriesDetailsViewModel.swift */; };
		04016B222A7B967F00219D4D /* MovieBackdropCarouselView.swift in Sources */ = {isa = PBXBuildFile; fileRef = 04016B212A7B967A00219D4D /* MovieBackdropCarouselView.swift */; };
		044FC1BF2AF6514300355F87 /* APIService.swift in Sources */ = {isa = PBXBuildFile; fileRef = 044FC1BE2AF6514300355F87 /* APIService.swift */; };
		044FC1C22AF6544100355F87 /* DescriptiveErrorType.swift in Sources */ = {isa = PBXBuildFile; fileRef = 044FC1C12AF6544100355F87 /* DescriptiveErrorType.swift */; };
		04532B092B0F26EC00A037C3 /* LoadingMDBView.swift in Sources */ = {isa = PBXBuildFile; fileRef = 04532B082B0F26EC00A037C3 /* LoadingMDBView.swift */; };
		0457014C2B1F9DE40077191B /* GenreDataModel.swift in Sources */ = {isa = PBXBuildFile; fileRef = 0457014B2B1F9DE40077191B /* GenreDataModel.swift */; };
		0457014F2B1FA05F0077191B /* GenreViewModel.swift in Sources */ = {isa = PBXBuildFile; fileRef = 0457014E2B1FA05F0077191B /* GenreViewModel.swift */; };
		0468019D2A72356600D0D5D8 /* Utils.swift in Sources */ = {isa = PBXBuildFile; fileRef = 0468019C2A72356600D0D5D8 /* Utils.swift */; };
		0468019F2A728ADA00D0D5D8 /* Movie+Stub.swift in Sources */ = {isa = PBXBuildFile; fileRef = 0468019E2A728ADA00D0D5D8 /* Movie+Stub.swift */; };
		046801A42A72A91300D0D5D8 /* movie_info.json in Resources */ = {isa = PBXBuildFile; fileRef = 046801A12A72A91300D0D5D8 /* movie_info.json */; };
		046801A52A72A91300D0D5D8 /* movie_list.json in Resources */ = {isa = PBXBuildFile; fileRef = 046801A22A72A91300D0D5D8 /* movie_list.json */; };
		046801A62A72A91300D0D5D8 /* search_movie.json in Resources */ = {isa = PBXBuildFile; fileRef = 046801A32A72A91300D0D5D8 /* search_movie.json */; };
		046801A92A72BB1400D0D5D8 /* MovieBackdropCard.swift in Sources */ = {isa = PBXBuildFile; fileRef = 046801A82A72BB1400D0D5D8 /* MovieBackdropCard.swift */; };
		0468162B2A7BB04D00365D34 /* MoviePosterCard.swift in Sources */ = {isa = PBXBuildFile; fileRef = 0468162A2A7BB04D00365D34 /* MoviePosterCard.swift */; };
		0468162D2A7BB63600365D34 /* MoviePosterCarouselView.swift in Sources */ = {isa = PBXBuildFile; fileRef = 0468162C2A7BB63600365D34 /* MoviePosterCarouselView.swift */; };
		0468162F2A7BB94800365D34 /* MovieListView.swift in Sources */ = {isa = PBXBuildFile; fileRef = 0468162E2A7BB94800365D34 /* MovieListView.swift */; };
		046816312A7BB95E00365D34 /* MovieListState.swift in Sources */ = {isa = PBXBuildFile; fileRef = 046816302A7BB95E00365D34 /* MovieListState.swift */; };
		046816342A7BC42700365D34 /* ActivityIndicatorView.swift in Sources */ = {isa = PBXBuildFile; fileRef = 046816332A7BC42700365D34 /* ActivityIndicatorView.swift */; };
		046816362A7BC63600365D34 /* LoadingView.swift in Sources */ = {isa = PBXBuildFile; fileRef = 046816352A7BC63600365D34 /* LoadingView.swift */; };
		046E23AD2A71575200627816 /* MovieServices.swift in Sources */ = {isa = PBXBuildFile; fileRef = 046E23AC2A71575200627816 /* MovieServices.swift */; };
		046E23AF2A7160C100627816 /* MovieStore.swift in Sources */ = {isa = PBXBuildFile; fileRef = 046E23AE2A7160C100627816 /* MovieStore.swift */; };
		046E793B2AF906BF00EACDB1 /* MovieListData.swift in Sources */ = {isa = PBXBuildFile; fileRef = 046E793A2AF906BF00EACDB1 /* MovieListData.swift */; };
		046E793F2AF91E6C00EACDB1 /* MovieListViewModel.swift in Sources */ = {isa = PBXBuildFile; fileRef = 046E793E2AF91E6C00EACDB1 /* MovieListViewModel.swift */; };
		046F83452B18766B00B81D8D /* ViewState.swift in Sources */ = {isa = PBXBuildFile; fileRef = 046F83442B18766B00B81D8D /* ViewState.swift */; };
		047AC3A42B1DE680009D4C5C /* TabBarView.swift in Sources */ = {isa = PBXBuildFile; fileRef = 047AC3A32B1DE680009D4C5C /* TabBarView.swift */; };
		047AC3A62B1DE6CB009D4C5C /* TabSection.swift in Sources */ = {isa = PBXBuildFile; fileRef = 047AC3A52B1DE6CB009D4C5C /* TabSection.swift */; };
		047AC3AB2B1DECA5009D4C5C /* SearchMovieView.swift in Sources */ = {isa = PBXBuildFile; fileRef = 047AC3AA2B1DECA5009D4C5C /* SearchMovieView.swift */; };
		047DA1812AF7B3D5002D1E0C /* CodableMapper.swift in Sources */ = {isa = PBXBuildFile; fileRef = 047DA1802AF7B3D5002D1E0C /* CodableMapper.swift */; };
		047DA1832AF7FD1F002D1E0C /* APIKey.swift in Sources */ = {isa = PBXBuildFile; fileRef = 047DA1822AF7FD1F002D1E0C /* APIKey.swift */; };
		047DACE72B1F3184009AD325 /* GenreView.swift in Sources */ = {isa = PBXBuildFile; fileRef = 047DACE62B1F3184009AD325 /* GenreView.swift */; };
		047DACE92B1F43EC009AD325 /* SystemImage.swift in Sources */ = {isa = PBXBuildFile; fileRef = 047DACE82B1F43EB009AD325 /* SystemImage.swift */; };
		0480908A2B1DF92B00ADACD6 /* SearchMovieViewModel.swift in Sources */ = {isa = PBXBuildFile; fileRef = 048090892B1DF92B00ADACD6 /* SearchMovieViewModel.swift */; };
		0484CA052B2339E6008883C7 /* FirebaseClient.swift in Sources */ = {isa = PBXBuildFile; fileRef = 0484CA042B2339E6008883C7 /* FirebaseClient.swift */; };
		0485A5572B1072C00069646E /* MovieDetailsData.swift in Sources */ = {isa = PBXBuildFile; fileRef = 0485A5562B1072C00069646E /* MovieDetailsData.swift */; };
		0485A5592B1073630069646E /* MovieDetailsViewModel.swift in Sources */ = {isa = PBXBuildFile; fileRef = 0485A5582B1073630069646E /* MovieDetailsViewModel.swift */; };
		0485A55B2B1089D40069646E /* APIConstant.swift in Sources */ = {isa = PBXBuildFile; fileRef = 0485A55A2B1089D40069646E /* APIConstant.swift */; };
		0485A55E2B10B8DB0069646E /* ShowAllMoviesView.swift in Sources */ = {isa = PBXBuildFile; fileRef = 0485A55D2B10B8DB0069646E /* ShowAllMoviesView.swift */; };
		0485A5602B10BB3B0069646E /* MovieCardView.swift in Sources */ = {isa = PBXBuildFile; fileRef = 0485A55F2B10BB3B0069646E /* MovieCardView.swift */; };
		0485A5672B10CD820069646E /* ShowAllMvoiesViewModel.swift in Sources */ = {isa = PBXBuildFile; fileRef = 0485A5662B10CD820069646E /* ShowAllMvoiesViewModel.swift */; };
		048E12822AF355E40001E7C0 /* MovieSearchState.swift in Sources */ = {isa = PBXBuildFile; fileRef = 048E12812AF355E40001E7C0 /* MovieSearchState.swift */; };
		0492484A2A80E00200D922D0 /* AppDelegate.swift in Sources */ = {isa = PBXBuildFile; fileRef = 049248492A80E00200D922D0 /* AppDelegate.swift */; };
		0492484C2A81017900D922D0 /* MovieDetailView.swift in Sources */ = {isa = PBXBuildFile; fileRef = 0492484B2A81017900D922D0 /* MovieDetailView.swift */; };
		0492484E2A8103C500D922D0 /* MovieDetailState.swift in Sources */ = {isa = PBXBuildFile; fileRef = 0492484D2A8103C500D922D0 /* MovieDetailState.swift */; };
		04C0B1822A6FFB3C00F352D7 /* SwiftUiMovieDbApp.swift in Sources */ = {isa = PBXBuildFile; fileRef = 04C0B1812A6FFB3C00F352D7 /* SwiftUiMovieDbApp.swift */; };
		04C0B1842A6FFB3C00F352D7 /* ContentView.swift in Sources */ = {isa = PBXBuildFile; fileRef = 04C0B1832A6FFB3C00F352D7 /* ContentView.swift */; };
		04C0B1862A6FFB3C00F352D7 /* Assets.xcassets in Resources */ = {isa = PBXBuildFile; fileRef = 04C0B1852A6FFB3C00F352D7 /* Assets.xcassets */; };
		04C0B1892A6FFB3C00F352D7 /* Preview Assets.xcassets in Resources */ = {isa = PBXBuildFile; fileRef = 04C0B1882A6FFB3C00F352D7 /* Preview Assets.xcassets */; };
		04C0B1922A6FFB9900F352D7 /* Movie.swift in Sources */ = {isa = PBXBuildFile; fileRef = 04C0B1912A6FFB9900F352D7 /* Movie.swift */; };
		04D1979C2AF3506B000F148C /* MovieSearchView.swift in Sources */ = {isa = PBXBuildFile; fileRef = 04D1979B2AF3506B000F148C /* MovieSearchView.swift */; };
		04D1979E2AF350E9000F148C /* SearchBar.swift in Sources */ = {isa = PBXBuildFile; fileRef = 04D1979D2AF350E9000F148C /* SearchBar.swift */; };
		04DB76472AF2DDA30016DA21 /* SafariView.swift in Sources */ = {isa = PBXBuildFile; fileRef = 04DB76462AF2DDA20016DA21 /* SafariView.swift */; };
		04DE6EBA2B26F19A00EEB4C2 /* FirebaseAppDistribution-Beta in Frameworks */ = {isa = PBXBuildFile; productRef = 04DE6EB92B26F19A00EEB4C2 /* FirebaseAppDistribution-Beta */; };
		04DE6EBC2B26F19A00EEB4C2 /* FirebaseInAppMessaging-Beta in Frameworks */ = {isa = PBXBuildFile; productRef = 04DE6EBB2B26F19A00EEB4C2 /* FirebaseInAppMessaging-Beta */; };
		04DE6EBE2B26F19A00EEB4C2 /* FirebaseAnalyticsWithoutAdIdSupport in Frameworks */ = {isa = PBXBuildFile; productRef = 04DE6EBD2B26F19A00EEB4C2 /* FirebaseAnalyticsWithoutAdIdSupport */; };
		04DE6EC02B26F19A00EEB4C2 /* FirebaseRemoteConfigSwift in Frameworks */ = {isa = PBXBuildFile; productRef = 04DE6EBF2B26F19A00EEB4C2 /* FirebaseRemoteConfigSwift */; };
		04DE6EC22B26F19A00EEB4C2 /* FirebaseAnalyticsSwift in Frameworks */ = {isa = PBXBuildFile; productRef = 04DE6EC12B26F19A00EEB4C2 /* FirebaseAnalyticsSwift */; };
		04DE6EC42B26F19A00EEB4C2 /* FirebaseFirestore in Frameworks */ = {isa = PBXBuildFile; productRef = 04DE6EC32B26F19A00EEB4C2 /* FirebaseFirestore */; };
		04DE6EC62B26F19A00EEB4C2 /* FirebaseAuthCombine-Community in Frameworks */ = {isa = PBXBuildFile; productRef = 04DE6EC52B26F19A00EEB4C2 /* FirebaseAuthCombine-Community */; };
		04DE6EC82B26F19A00EEB4C2 /* FirebaseInstallations in Frameworks */ = {isa = PBXBuildFile; productRef = 04DE6EC72B26F19A00EEB4C2 /* FirebaseInstallations */; };
		04DE6ECA2B26F19A00EEB4C2 /* FirebaseAnalyticsOnDeviceConversion in Frameworks */ = {isa = PBXBuildFile; productRef = 04DE6EC92B26F19A00EEB4C2 /* FirebaseAnalyticsOnDeviceConversion */; };
		04DE6ECC2B26F19A00EEB4C2 /* FirebaseDatabaseSwift in Frameworks */ = {isa = PBXBuildFile; productRef = 04DE6ECB2B26F19A00EEB4C2 /* FirebaseDatabaseSwift */; };
		04DE6ECE2B26F19A00EEB4C2 /* FirebaseFunctionsCombine-Community in Frameworks */ = {isa = PBXBuildFile; productRef = 04DE6ECD2B26F19A00EEB4C2 /* FirebaseFunctionsCombine-Community */; };
		04DE6ED02B26F19A00EEB4C2 /* FirebaseDatabase in Frameworks */ = {isa = PBXBuildFile; productRef = 04DE6ECF2B26F19A00EEB4C2 /* FirebaseDatabase */; };
		04DE6ED22B26F19A00EEB4C2 /* FirebaseAnalytics in Frameworks */ = {isa = PBXBuildFile; productRef = 04DE6ED12B26F19A00EEB4C2 /* FirebaseAnalytics */; };
		04DE6ED42B26F19A00EEB4C2 /* FirebasePerformance in Frameworks */ = {isa = PBXBuildFile; productRef = 04DE6ED32B26F19A00EEB4C2 /* FirebasePerformance */; };
		04DE6ED62B26F19A00EEB4C2 /* FirebaseRemoteConfig in Frameworks */ = {isa = PBXBuildFile; productRef = 04DE6ED52B26F19A00EEB4C2 /* FirebaseRemoteConfig */; };
		04DE6ED82B26F19A00EEB4C2 /* FirebaseAppCheck in Frameworks */ = {isa = PBXBuildFile; productRef = 04DE6ED72B26F19A00EEB4C2 /* FirebaseAppCheck */; };
		04DE6EDA2B26F19A00EEB4C2 /* FirebaseFirestoreSwift in Frameworks */ = {isa = PBXBuildFile; productRef = 04DE6ED92B26F19A00EEB4C2 /* FirebaseFirestoreSwift */; };
		04DE6EDC2B26F19A00EEB4C2 /* FirebaseAuth in Frameworks */ = {isa = PBXBuildFile; productRef = 04DE6EDB2B26F19A00EEB4C2 /* FirebaseAuth */; };
		04DE6EDE2B26F19A00EEB4C2 /* FirebaseInAppMessagingSwift-Beta in Frameworks */ = {isa = PBXBuildFile; productRef = 04DE6EDD2B26F19A00EEB4C2 /* FirebaseInAppMessagingSwift-Beta */; };
		04DE6EE02B26F19A00EEB4C2 /* FirebaseStorageCombine-Community in Frameworks */ = {isa = PBXBuildFile; productRef = 04DE6EDF2B26F19A00EEB4C2 /* FirebaseStorageCombine-Community */; };
		04DE6EE22B26F19A00EEB4C2 /* FirebaseMLModelDownloader in Frameworks */ = {isa = PBXBuildFile; productRef = 04DE6EE12B26F19A00EEB4C2 /* FirebaseMLModelDownloader */; };
		04DE6EE42B26F19A00EEB4C2 /* FirebaseCrashlytics in Frameworks */ = {isa = PBXBuildFile; productRef = 04DE6EE32B26F19A00EEB4C2 /* FirebaseCrashlytics */; };
		04DE6EE62B26F19A00EEB4C2 /* FirebaseMessaging in Frameworks */ = {isa = PBXBuildFile; productRef = 04DE6EE52B26F19A00EEB4C2 /* FirebaseMessaging */; };
		04DE6EE82B26F19A00EEB4C2 /* FirebaseStorage in Frameworks */ = {isa = PBXBuildFile; productRef = 04DE6EE72B26F19A00EEB4C2 /* FirebaseStorage */; };
		04DE6EEA2B26F19A00EEB4C2 /* FirebaseDynamicLinks in Frameworks */ = {isa = PBXBuildFile; productRef = 04DE6EE92B26F19A00EEB4C2 /* FirebaseDynamicLinks */; };
		04DE6EEC2B26F19A00EEB4C2 /* FirebaseFunctions in Frameworks */ = {isa = PBXBuildFile; productRef = 04DE6EEB2B26F19A00EEB4C2 /* FirebaseFunctions */; };
		04DE6EEE2B26F19A00EEB4C2 /* FirebaseFirestoreCombine-Community in Frameworks */ = {isa = PBXBuildFile; productRef = 04DE6EED2B26F19A00EEB4C2 /* FirebaseFirestoreCombine-Community */; };
		04DE6EF02B26F67D00EEB4C2 /* GoogleService-Info.plist in Resources */ = {isa = PBXBuildFile; fileRef = 04DE6EEF2B26F67D00EEB4C2 /* GoogleService-Info.plist */; };
		04DE6EF22B28817E00EEB4C2 /* FavoriteMovieModel.swift in Sources */ = {isa = PBXBuildFile; fileRef = 04DE6EF12B28817E00EEB4C2 /* FavoriteMovieModel.swift */; };
		04DE6EF42B28852D00EEB4C2 /* Encodable+Extension.swift in Sources */ = {isa = PBXBuildFile; fileRef = 04DE6EF32B28852D00EEB4C2 /* Encodable+Extension.swift */; };
		04E5970D2B14BE340031395A /* LoaderViewModifier.swift in Sources */ = {isa = PBXBuildFile; fileRef = 04E5970C2B14BE340031395A /* LoaderViewModifier.swift */; };
		04EDFE042B15C8CF00B9000F /* View+ViewModifiers.swift in Sources */ = {isa = PBXBuildFile; fileRef = 04EDFE032B15C8CF00B9000F /* View+ViewModifiers.swift */; };
		04EF600E2AF51DA5008918B8 /* EndPoint.swift in Sources */ = {isa = PBXBuildFile; fileRef = 04EF600D2AF51DA5008918B8 /* EndPoint.swift */; };
		04EF60102AF51E8F008918B8 /* URN.swift in Sources */ = {isa = PBXBuildFile; fileRef = 04EF600F2AF51E8F008918B8 /* URN.swift */; };
		04EF60122AF51F46008918B8 /* BaseUrlType.swift in Sources */ = {isa = PBXBuildFile; fileRef = 04EF60112AF51F46008918B8 /* BaseUrlType.swift */; };
		04EF7C202B125CCE006A829D /* MoviesHomeViewController.swift in Sources */ = {isa = PBXBuildFile; fileRef = 04EF7C1F2B125CCE006A829D /* MoviesHomeViewController.swift */; };
		04FA1DBB2B24DDFE00E319A1 /* Kingfisher in Frameworks */ = {isa = PBXBuildFile; productRef = 04FA1DBA2B24DDFE00E319A1 /* Kingfisher */; };
		04FE51222B2083BA006C0BA8 /* DiscoverGenreView.swift in Sources */ = {isa = PBXBuildFile; fileRef = 04FE51212B2083BA006C0BA8 /* DiscoverGenreView.swift */; };
		04FE51242B2084C3006C0BA8 /* DiscoverGenreViewModel.swift in Sources */ = {isa = PBXBuildFile; fileRef = 04FE51232B2084C3006C0BA8 /* DiscoverGenreViewModel.swift */; };
		04FE51262B20994F006C0BA8 /* TVListData.swift in Sources */ = {isa = PBXBuildFile; fileRef = 04FE51252B20994F006C0BA8 /* TVListData.swift */; };
/* End PBXBuildFile section */

/* Begin PBXFileReference section */
		040046442B2202E20084CF80 /* TVSeriesDetailsView.swift */ = {isa = PBXFileReference; lastKnownFileType = sourcecode.swift; path = TVSeriesDetailsView.swift; sourceTree = "<group>"; };
		040046472B22031A0084CF80 /* TVSeriesData.swift */ = {isa = PBXFileReference; lastKnownFileType = sourcecode.swift; path = TVSeriesData.swift; sourceTree = "<group>"; };
		0400464A2B2203790084CF80 /* TVSeriesDetailsViewModel.swift */ = {isa = PBXFileReference; lastKnownFileType = sourcecode.swift; path = TVSeriesDetailsViewModel.swift; sourceTree = "<group>"; };
		04016B212A7B967A00219D4D /* MovieBackdropCarouselView.swift */ = {isa = PBXFileReference; lastKnownFileType = sourcecode.swift; path = MovieBackdropCarouselView.swift; sourceTree = "<group>"; };
		044FC1BE2AF6514300355F87 /* APIService.swift */ = {isa = PBXFileReference; lastKnownFileType = sourcecode.swift; path = APIService.swift; sourceTree = "<group>"; };
		044FC1C12AF6544100355F87 /* DescriptiveErrorType.swift */ = {isa = PBXFileReference; lastKnownFileType = sourcecode.swift; path = DescriptiveErrorType.swift; sourceTree = "<group>"; };
		04532B082B0F26EC00A037C3 /* LoadingMDBView.swift */ = {isa = PBXFileReference; lastKnownFileType = sourcecode.swift; path = LoadingMDBView.swift; sourceTree = "<group>"; };
		0457014B2B1F9DE40077191B /* GenreDataModel.swift */ = {isa = PBXFileReference; lastKnownFileType = sourcecode.swift; path = GenreDataModel.swift; sourceTree = "<group>"; };
		0457014E2B1FA05F0077191B /* GenreViewModel.swift */ = {isa = PBXFileReference; lastKnownFileType = sourcecode.swift; path = GenreViewModel.swift; sourceTree = "<group>"; };
		0468019C2A72356600D0D5D8 /* Utils.swift */ = {isa = PBXFileReference; lastKnownFileType = sourcecode.swift; path = Utils.swift; sourceTree = "<group>"; };
		0468019E2A728ADA00D0D5D8 /* Movie+Stub.swift */ = {isa = PBXFileReference; lastKnownFileType = sourcecode.swift; path = "Movie+Stub.swift"; sourceTree = "<group>"; };
		046801A12A72A91300D0D5D8 /* movie_info.json */ = {isa = PBXFileReference; fileEncoding = 4; lastKnownFileType = text.json; path = movie_info.json; sourceTree = "<group>"; };
		046801A22A72A91300D0D5D8 /* movie_list.json */ = {isa = PBXFileReference; fileEncoding = 4; lastKnownFileType = text.json; path = movie_list.json; sourceTree = "<group>"; };
		046801A32A72A91300D0D5D8 /* search_movie.json */ = {isa = PBXFileReference; fileEncoding = 4; lastKnownFileType = text.json; path = search_movie.json; sourceTree = "<group>"; };
		046801A82A72BB1400D0D5D8 /* MovieBackdropCard.swift */ = {isa = PBXFileReference; lastKnownFileType = sourcecode.swift; path = MovieBackdropCard.swift; sourceTree = "<group>"; };
		0468162A2A7BB04D00365D34 /* MoviePosterCard.swift */ = {isa = PBXFileReference; lastKnownFileType = sourcecode.swift; path = MoviePosterCard.swift; sourceTree = "<group>"; };
		0468162C2A7BB63600365D34 /* MoviePosterCarouselView.swift */ = {isa = PBXFileReference; lastKnownFileType = sourcecode.swift; path = MoviePosterCarouselView.swift; sourceTree = "<group>"; };
		0468162E2A7BB94800365D34 /* MovieListView.swift */ = {isa = PBXFileReference; lastKnownFileType = sourcecode.swift; path = MovieListView.swift; sourceTree = "<group>"; };
		046816302A7BB95E00365D34 /* MovieListState.swift */ = {isa = PBXFileReference; lastKnownFileType = sourcecode.swift; path = MovieListState.swift; sourceTree = "<group>"; };
		046816332A7BC42700365D34 /* ActivityIndicatorView.swift */ = {isa = PBXFileReference; lastKnownFileType = sourcecode.swift; path = ActivityIndicatorView.swift; sourceTree = "<group>"; };
		046816352A7BC63600365D34 /* LoadingView.swift */ = {isa = PBXFileReference; lastKnownFileType = sourcecode.swift; path = LoadingView.swift; sourceTree = "<group>"; };
		046E23AC2A71575200627816 /* MovieServices.swift */ = {isa = PBXFileReference; lastKnownFileType = sourcecode.swift; path = MovieServices.swift; sourceTree = "<group>"; };
		046E23AE2A7160C100627816 /* MovieStore.swift */ = {isa = PBXFileReference; lastKnownFileType = sourcecode.swift; path = MovieStore.swift; sourceTree = "<group>"; };
		046E793A2AF906BF00EACDB1 /* MovieListData.swift */ = {isa = PBXFileReference; lastKnownFileType = sourcecode.swift; path = MovieListData.swift; sourceTree = "<group>"; };
		046E793E2AF91E6C00EACDB1 /* MovieListViewModel.swift */ = {isa = PBXFileReference; lastKnownFileType = sourcecode.swift; path = MovieListViewModel.swift; sourceTree = "<group>"; };
		046F83442B18766B00B81D8D /* ViewState.swift */ = {isa = PBXFileReference; lastKnownFileType = sourcecode.swift; path = ViewState.swift; sourceTree = "<group>"; };
		047AC3A32B1DE680009D4C5C /* TabBarView.swift */ = {isa = PBXFileReference; lastKnownFileType = sourcecode.swift; path = TabBarView.swift; sourceTree = "<group>"; };
		047AC3A52B1DE6CB009D4C5C /* TabSection.swift */ = {isa = PBXFileReference; lastKnownFileType = sourcecode.swift; path = TabSection.swift; sourceTree = "<group>"; };
		047AC3AA2B1DECA5009D4C5C /* SearchMovieView.swift */ = {isa = PBXFileReference; lastKnownFileType = sourcecode.swift; path = SearchMovieView.swift; sourceTree = "<group>"; };
		047DA1802AF7B3D5002D1E0C /* CodableMapper.swift */ = {isa = PBXFileReference; lastKnownFileType = sourcecode.swift; path = CodableMapper.swift; sourceTree = "<group>"; };
		047DA1822AF7FD1F002D1E0C /* APIKey.swift */ = {isa = PBXFileReference; lastKnownFileType = sourcecode.swift; path = APIKey.swift; sourceTree = "<group>"; };
		047DACE62B1F3184009AD325 /* GenreView.swift */ = {isa = PBXFileReference; lastKnownFileType = sourcecode.swift; path = GenreView.swift; sourceTree = "<group>"; };
		047DACE82B1F43EB009AD325 /* SystemImage.swift */ = {isa = PBXFileReference; lastKnownFileType = sourcecode.swift; path = SystemImage.swift; sourceTree = "<group>"; };
		048090892B1DF92B00ADACD6 /* SearchMovieViewModel.swift */ = {isa = PBXFileReference; lastKnownFileType = sourcecode.swift; path = SearchMovieViewModel.swift; sourceTree = "<group>"; };
		0484CA042B2339E6008883C7 /* FirebaseClient.swift */ = {isa = PBXFileReference; lastKnownFileType = sourcecode.swift; path = FirebaseClient.swift; sourceTree = "<group>"; };
		0485A5562B1072C00069646E /* MovieDetailsData.swift */ = {isa = PBXFileReference; lastKnownFileType = sourcecode.swift; path = MovieDetailsData.swift; sourceTree = "<group>"; };
		0485A5582B1073630069646E /* MovieDetailsViewModel.swift */ = {isa = PBXFileReference; lastKnownFileType = sourcecode.swift; path = MovieDetailsViewModel.swift; sourceTree = "<group>"; };
		0485A55A2B1089D40069646E /* APIConstant.swift */ = {isa = PBXFileReference; lastKnownFileType = sourcecode.swift; path = APIConstant.swift; sourceTree = "<group>"; };
		0485A55D2B10B8DB0069646E /* ShowAllMoviesView.swift */ = {isa = PBXFileReference; lastKnownFileType = sourcecode.swift; path = ShowAllMoviesView.swift; sourceTree = "<group>"; };
		0485A55F2B10BB3B0069646E /* MovieCardView.swift */ = {isa = PBXFileReference; lastKnownFileType = sourcecode.swift; path = MovieCardView.swift; sourceTree = "<group>"; };
		0485A5662B10CD820069646E /* ShowAllMvoiesViewModel.swift */ = {isa = PBXFileReference; lastKnownFileType = sourcecode.swift; path = ShowAllMvoiesViewModel.swift; sourceTree = "<group>"; };
		048E12812AF355E40001E7C0 /* MovieSearchState.swift */ = {isa = PBXFileReference; lastKnownFileType = sourcecode.swift; path = MovieSearchState.swift; sourceTree = "<group>"; };
		049248492A80E00200D922D0 /* AppDelegate.swift */ = {isa = PBXFileReference; lastKnownFileType = sourcecode.swift; path = AppDelegate.swift; sourceTree = "<group>"; };
		0492484B2A81017900D922D0 /* MovieDetailView.swift */ = {isa = PBXFileReference; lastKnownFileType = sourcecode.swift; path = MovieDetailView.swift; sourceTree = "<group>"; };
		0492484D2A8103C500D922D0 /* MovieDetailState.swift */ = {isa = PBXFileReference; lastKnownFileType = sourcecode.swift; path = MovieDetailState.swift; sourceTree = "<group>"; };
		04C0B17E2A6FFB3C00F352D7 /* SwiftUiMovieDb.app */ = {isa = PBXFileReference; explicitFileType = wrapper.application; includeInIndex = 0; path = SwiftUiMovieDb.app; sourceTree = BUILT_PRODUCTS_DIR; };
		04C0B1812A6FFB3C00F352D7 /* SwiftUiMovieDbApp.swift */ = {isa = PBXFileReference; lastKnownFileType = sourcecode.swift; path = SwiftUiMovieDbApp.swift; sourceTree = "<group>"; };
		04C0B1832A6FFB3C00F352D7 /* ContentView.swift */ = {isa = PBXFileReference; lastKnownFileType = sourcecode.swift; path = ContentView.swift; sourceTree = "<group>"; };
		04C0B1852A6FFB3C00F352D7 /* Assets.xcassets */ = {isa = PBXFileReference; lastKnownFileType = folder.assetcatalog; path = Assets.xcassets; sourceTree = "<group>"; };
		04C0B1882A6FFB3C00F352D7 /* Preview Assets.xcassets */ = {isa = PBXFileReference; lastKnownFileType = folder.assetcatalog; path = "Preview Assets.xcassets"; sourceTree = "<group>"; };
		04C0B18A2A6FFB3C00F352D7 /* Info.plist */ = {isa = PBXFileReference; lastKnownFileType = text.plist.xml; path = Info.plist; sourceTree = "<group>"; };
		04C0B1912A6FFB9900F352D7 /* Movie.swift */ = {isa = PBXFileReference; lastKnownFileType = sourcecode.swift; path = Movie.swift; sourceTree = "<group>"; };
		04D1979B2AF3506B000F148C /* MovieSearchView.swift */ = {isa = PBXFileReference; lastKnownFileType = sourcecode.swift; path = MovieSearchView.swift; sourceTree = "<group>"; };
		04D1979D2AF350E9000F148C /* SearchBar.swift */ = {isa = PBXFileReference; lastKnownFileType = sourcecode.swift; path = SearchBar.swift; sourceTree = "<group>"; };
		04DB76462AF2DDA20016DA21 /* SafariView.swift */ = {isa = PBXFileReference; lastKnownFileType = sourcecode.swift; path = SafariView.swift; sourceTree = "<group>"; };
		04DE6EEF2B26F67D00EEB4C2 /* GoogleService-Info.plist */ = {isa = PBXFileReference; fileEncoding = 4; lastKnownFileType = text.plist.xml; path = "GoogleService-Info.plist"; sourceTree = "<group>"; };
		04DE6EF12B28817E00EEB4C2 /* FavoriteMovieModel.swift */ = {isa = PBXFileReference; lastKnownFileType = sourcecode.swift; path = FavoriteMovieModel.swift; sourceTree = "<group>"; };
		04DE6EF32B28852D00EEB4C2 /* Encodable+Extension.swift */ = {isa = PBXFileReference; lastKnownFileType = sourcecode.swift; path = "Encodable+Extension.swift"; sourceTree = "<group>"; };
		04E5970C2B14BE340031395A /* LoaderViewModifier.swift */ = {isa = PBXFileReference; lastKnownFileType = sourcecode.swift; path = LoaderViewModifier.swift; sourceTree = "<group>"; };
		04EDFE032B15C8CF00B9000F /* View+ViewModifiers.swift */ = {isa = PBXFileReference; lastKnownFileType = sourcecode.swift; path = "View+ViewModifiers.swift"; sourceTree = "<group>"; };
		04EF600D2AF51DA5008918B8 /* EndPoint.swift */ = {isa = PBXFileReference; lastKnownFileType = sourcecode.swift; path = EndPoint.swift; sourceTree = "<group>"; };
		04EF600F2AF51E8F008918B8 /* URN.swift */ = {isa = PBXFileReference; lastKnownFileType = sourcecode.swift; path = URN.swift; sourceTree = "<group>"; };
		04EF60112AF51F46008918B8 /* BaseUrlType.swift */ = {isa = PBXFileReference; lastKnownFileType = sourcecode.swift; path = BaseUrlType.swift; sourceTree = "<group>"; };
		04EF7C1F2B125CCE006A829D /* MoviesHomeViewController.swift */ = {isa = PBXFileReference; lastKnownFileType = sourcecode.swift; path = MoviesHomeViewController.swift; sourceTree = "<group>"; };
		04FE51212B2083BA006C0BA8 /* DiscoverGenreView.swift */ = {isa = PBXFileReference; lastKnownFileType = sourcecode.swift; path = DiscoverGenreView.swift; sourceTree = "<group>"; };
		04FE51232B2084C3006C0BA8 /* DiscoverGenreViewModel.swift */ = {isa = PBXFileReference; lastKnownFileType = sourcecode.swift; path = DiscoverGenreViewModel.swift; sourceTree = "<group>"; };
		04FE51252B20994F006C0BA8 /* TVListData.swift */ = {isa = PBXFileReference; lastKnownFileType = sourcecode.swift; path = TVListData.swift; sourceTree = "<group>"; };
/* End PBXFileReference section */

/* Begin PBXFrameworksBuildPhase section */
		04C0B17B2A6FFB3C00F352D7 /* Frameworks */ = {
			isa = PBXFrameworksBuildPhase;
			buildActionMask = 2147483647;
			files = (
				04DE6EE62B26F19A00EEB4C2 /* FirebaseMessaging in Frameworks */,
				04DE6ED22B26F19A00EEB4C2 /* FirebaseAnalytics in Frameworks */,
				04DE6EE02B26F19A00EEB4C2 /* FirebaseStorageCombine-Community in Frameworks */,
				04DE6EE82B26F19A00EEB4C2 /* FirebaseStorage in Frameworks */,
				04DE6ED82B26F19A00EEB4C2 /* FirebaseAppCheck in Frameworks */,
				04DE6EDE2B26F19A00EEB4C2 /* FirebaseInAppMessagingSwift-Beta in Frameworks */,
				04DE6ED02B26F19A00EEB4C2 /* FirebaseDatabase in Frameworks */,
				04DE6ED42B26F19A00EEB4C2 /* FirebasePerformance in Frameworks */,
				04DE6EC22B26F19A00EEB4C2 /* FirebaseAnalyticsSwift in Frameworks */,
				04DE6EE22B26F19A00EEB4C2 /* FirebaseMLModelDownloader in Frameworks */,
				04FA1DBB2B24DDFE00E319A1 /* Kingfisher in Frameworks */,
				04DE6EBA2B26F19A00EEB4C2 /* FirebaseAppDistribution-Beta in Frameworks */,
				04DE6EC82B26F19A00EEB4C2 /* FirebaseInstallations in Frameworks */,
				04DE6EEE2B26F19A00EEB4C2 /* FirebaseFirestoreCombine-Community in Frameworks */,
				04DE6ED62B26F19A00EEB4C2 /* FirebaseRemoteConfig in Frameworks */,
				04DE6EC02B26F19A00EEB4C2 /* FirebaseRemoteConfigSwift in Frameworks */,
				04DE6EBC2B26F19A00EEB4C2 /* FirebaseInAppMessaging-Beta in Frameworks */,
				04DE6EBE2B26F19A00EEB4C2 /* FirebaseAnalyticsWithoutAdIdSupport in Frameworks */,
				04DE6ECA2B26F19A00EEB4C2 /* FirebaseAnalyticsOnDeviceConversion in Frameworks */,
				04DE6EDC2B26F19A00EEB4C2 /* FirebaseAuth in Frameworks */,
				04DE6ECC2B26F19A00EEB4C2 /* FirebaseDatabaseSwift in Frameworks */,
				04DE6EE42B26F19A00EEB4C2 /* FirebaseCrashlytics in Frameworks */,
				04DE6EEC2B26F19A00EEB4C2 /* FirebaseFunctions in Frameworks */,
				04DE6EC42B26F19A00EEB4C2 /* FirebaseFirestore in Frameworks */,
				04DE6EC62B26F19A00EEB4C2 /* FirebaseAuthCombine-Community in Frameworks */,
				04DE6ECE2B26F19A00EEB4C2 /* FirebaseFunctionsCombine-Community in Frameworks */,
				04DE6EDA2B26F19A00EEB4C2 /* FirebaseFirestoreSwift in Frameworks */,
				04DE6EEA2B26F19A00EEB4C2 /* FirebaseDynamicLinks in Frameworks */,
			);
			runOnlyForDeploymentPostprocessing = 0;
		};
/* End PBXFrameworksBuildPhase section */

/* Begin PBXGroup section */
		040046422B2202680084CF80 /* TVSeriesDetails */ = {
			isa = PBXGroup;
			children = (
				040046492B2203350084CF80 /* ViewModel */,
				040046462B2202E80084CF80 /* Data */,
				040046432B2202AF0084CF80 /* Views */,
			);
			path = TVSeriesDetails;
			sourceTree = "<group>";
		};
		040046432B2202AF0084CF80 /* Views */ = {
			isa = PBXGroup;
			children = (
				040046442B2202E20084CF80 /* TVSeriesDetailsView.swift */,
			);
			path = Views;
			sourceTree = "<group>";
		};
		040046462B2202E80084CF80 /* Data */ = {
			isa = PBXGroup;
			children = (
				040046472B22031A0084CF80 /* TVSeriesData.swift */,
			);
			path = Data;
			sourceTree = "<group>";
		};
		040046492B2203350084CF80 /* ViewModel */ = {
			isa = PBXGroup;
			children = (
				0400464A2B2203790084CF80 /* TVSeriesDetailsViewModel.swift */,
			);
			path = ViewModel;
			sourceTree = "<group>";
		};
		044FC1C02AF6540500355F87 /* Protocol */ = {
			isa = PBXGroup;
			children = (
				044FC1C12AF6544100355F87 /* DescriptiveErrorType.swift */,
			);
			path = Protocol;
			sourceTree = "<group>";
		};
		0457014A2B1F9DC10077191B /* Data */ = {
			isa = PBXGroup;
			children = (
				0457014B2B1F9DE40077191B /* GenreDataModel.swift */,
			);
			path = Data;
			sourceTree = "<group>";
		};
		0457014D2B1FA03F0077191B /* ViewModel */ = {
			isa = PBXGroup;
			children = (
				0457014E2B1FA05F0077191B /* GenreViewModel.swift */,
			);
			path = ViewModel;
			sourceTree = "<group>";
		};
		046801A02A72A88200D0D5D8 /* Resources */ = {
			isa = PBXGroup;
			children = (
				046801A12A72A91300D0D5D8 /* movie_info.json */,
				046801A22A72A91300D0D5D8 /* movie_list.json */,
				046801A32A72A91300D0D5D8 /* search_movie.json */,
			);
			path = Resources;
			sourceTree = "<group>";
		};
		046801A72A72BAE300D0D5D8 /* Views */ = {
			isa = PBXGroup;
			children = (
				046816322A7BC40400365D34 /* UIKitViews */,
				046816352A7BC63600365D34 /* LoadingView.swift */,
				04D1979B2AF3506B000F148C /* MovieSearchView.swift */,
				04532B082B0F26EC00A037C3 /* LoadingMDBView.swift */,
			);
			path = Views;
			sourceTree = "<group>";
		};
		046801AA2A72BB3600D0D5D8 /* Bindings */ = {
			isa = PBXGroup;
			children = (
				046816302A7BB95E00365D34 /* MovieListState.swift */,
				0492484D2A8103C500D922D0 /* MovieDetailState.swift */,
				048E12812AF355E40001E7C0 /* MovieSearchState.swift */,
			);
			path = Bindings;
			sourceTree = "<group>";
		};
		046816322A7BC40400365D34 /* UIKitViews */ = {
			isa = PBXGroup;
			children = (
				046816332A7BC42700365D34 /* ActivityIndicatorView.swift */,
				04DB76462AF2DDA20016DA21 /* SafariView.swift */,
			);
			path = UIKitViews;
			sourceTree = "<group>";
		};
		046E23AB2A71572B00627816 /* Services */ = {
			isa = PBXGroup;
			children = (
				046E23AC2A71575200627816 /* MovieServices.swift */,
				046E23AE2A7160C100627816 /* MovieStore.swift */,
			);
			path = Services;
			sourceTree = "<group>";
		};
		046E79372AF8CCBF00EACDB1 /* Modules */ = {
			isa = PBXGroup;
			children = (
				040046422B2202680084CF80 /* TVSeriesDetails */,
				04FE511D2B208308006C0BA8 /* Discover */,
				047DACE42B1F3059009AD325 /* Genre */,
				047AC3A72B1DEB7B009D4C5C /* Search Movie */,
				047AC3A22B1DE52B009D4C5C /* TabView */,
				0485A55C2B10AF110069646E /* ShowAllMovies */,
				0485A5522B10722A0069646E /* Movie Details */,
				046E79382AF8F6AC00EACDB1 /* Home */,
			);
			path = Modules;
			sourceTree = "<group>";
		};
		046E79382AF8F6AC00EACDB1 /* Home */ = {
			isa = PBXGroup;
			children = (
				046E793D2AF91D6B00EACDB1 /* ViewModel */,
				046E793C2AF9072000EACDB1 /* Views */,
				046E79392AF8F78C00EACDB1 /* Data */,
			);
			path = Home;
			sourceTree = "<group>";
		};
		046E79392AF8F78C00EACDB1 /* Data */ = {
			isa = PBXGroup;
			children = (
			);
			path = Data;
			sourceTree = "<group>";
		};
		046E793C2AF9072000EACDB1 /* Views */ = {
			isa = PBXGroup;
			children = (
				04016B212A7B967A00219D4D /* MovieBackdropCarouselView.swift */,
				046801A82A72BB1400D0D5D8 /* MovieBackdropCard.swift */,
				0468162A2A7BB04D00365D34 /* MoviePosterCard.swift */,
				0468162C2A7BB63600365D34 /* MoviePosterCarouselView.swift */,
				0468162E2A7BB94800365D34 /* MovieListView.swift */,
				04EF7C1F2B125CCE006A829D /* MoviesHomeViewController.swift */,
			);
			path = Views;
			sourceTree = "<group>";
		};
		046E793D2AF91D6B00EACDB1 /* ViewModel */ = {
			isa = PBXGroup;
			children = (
				046E793E2AF91E6C00EACDB1 /* MovieListViewModel.swift */,
			);
			path = ViewModel;
			sourceTree = "<group>";
		};
		046F83432B1875F100B81D8D /* Utilities */ = {
			isa = PBXGroup;
			children = (
				046F83442B18766B00B81D8D /* ViewState.swift */,
				047DACE82B1F43EB009AD325 /* SystemImage.swift */,
			);
			path = Utilities;
			sourceTree = "<group>";
		};
		047AC39F2B1DDEE3009D4C5C /* Frameworks */ = {
			isa = PBXGroup;
			children = (
			);
			name = Frameworks;
			sourceTree = "<group>";
		};
		047AC3A22B1DE52B009D4C5C /* TabView */ = {
			isa = PBXGroup;
			children = (
				047AC3A32B1DE680009D4C5C /* TabBarView.swift */,
				047AC3A52B1DE6CB009D4C5C /* TabSection.swift */,
			);
			path = TabView;
			sourceTree = "<group>";
		};
		047AC3A72B1DEB7B009D4C5C /* Search Movie */ = {
			isa = PBXGroup;
			children = (
				047AC3A92B1DEBB2009D4C5C /* ViewModel */,
				047AC3A82B1DEBA2009D4C5C /* View */,
			);
			path = "Search Movie";
			sourceTree = "<group>";
		};
		047AC3A82B1DEBA2009D4C5C /* View */ = {
			isa = PBXGroup;
			children = (
				047AC3AA2B1DECA5009D4C5C /* SearchMovieView.swift */,
			);
			path = View;
			sourceTree = "<group>";
		};
		047AC3A92B1DEBB2009D4C5C /* ViewModel */ = {
			isa = PBXGroup;
			children = (
				048090892B1DF92B00ADACD6 /* SearchMovieViewModel.swift */,
			);
			path = ViewModel;
			sourceTree = "<group>";
		};
		047DACE22B1F0D51009AD325 /* Views */ = {
			isa = PBXGroup;
			children = (
				0485A55F2B10BB3B0069646E /* MovieCardView.swift */,
				04D1979D2AF350E9000F148C /* SearchBar.swift */,
			);
			path = Views;
			sourceTree = "<group>";
		};
		047DACE32B1F0F23009AD325 /* DataModels */ = {
			isa = PBXGroup;
			children = (
				046E793A2AF906BF00EACDB1 /* MovieListData.swift */,
				04FE51252B20994F006C0BA8 /* TVListData.swift */,
				04DE6EF12B28817E00EEB4C2 /* FavoriteMovieModel.swift */,
			);
			path = DataModels;
			sourceTree = "<group>";
		};
		047DACE42B1F3059009AD325 /* Genre */ = {
			isa = PBXGroup;
			children = (
				0457014D2B1FA03F0077191B /* ViewModel */,
				0457014A2B1F9DC10077191B /* Data */,
				047DACE52B1F3062009AD325 /* Views */,
			);
			path = Genre;
			sourceTree = "<group>";
		};
		047DACE52B1F3062009AD325 /* Views */ = {
			isa = PBXGroup;
			children = (
				047DACE62B1F3184009AD325 /* GenreView.swift */,
			);
			path = Views;
			sourceTree = "<group>";
		};
		0485A5522B10722A0069646E /* Movie Details */ = {
			isa = PBXGroup;
			children = (
				0485A5552B1072940069646E /* Data */,
				0485A5542B1072770069646E /* Views */,
				0485A5532B1072470069646E /* ViewModel */,
			);
			path = "Movie Details";
			sourceTree = "<group>";
		};
		0485A5532B1072470069646E /* ViewModel */ = {
			isa = PBXGroup;
			children = (
				0485A5582B1073630069646E /* MovieDetailsViewModel.swift */,
			);
			path = ViewModel;
			sourceTree = "<group>";
		};
		0485A5542B1072770069646E /* Views */ = {
			isa = PBXGroup;
			children = (
				0492484B2A81017900D922D0 /* MovieDetailView.swift */,
			);
			path = Views;
			sourceTree = "<group>";
		};
		0485A5552B1072940069646E /* Data */ = {
			isa = PBXGroup;
			children = (
				0485A5562B1072C00069646E /* MovieDetailsData.swift */,
			);
			path = Data;
			sourceTree = "<group>";
		};
		0485A55C2B10AF110069646E /* ShowAllMovies */ = {
			isa = PBXGroup;
			children = (
				0485A5632B10CC3D0069646E /* ViewModel */,
				0485A5612B10CC200069646E /* Views */,
			);
			path = ShowAllMovies;
			sourceTree = "<group>";
		};
		0485A5612B10CC200069646E /* Views */ = {
			isa = PBXGroup;
			children = (
				0485A55D2B10B8DB0069646E /* ShowAllMoviesView.swift */,
			);
			path = Views;
			sourceTree = "<group>";
		};
		0485A5632B10CC3D0069646E /* ViewModel */ = {
			isa = PBXGroup;
			children = (
				0485A5662B10CD820069646E /* ShowAllMvoiesViewModel.swift */,
			);
			path = ViewModel;
			sourceTree = "<group>";
		};
		04C0B1752A6FFB3B00F352D7 = {
			isa = PBXGroup;
			children = (
				04C0B1802A6FFB3C00F352D7 /* SwiftUiMovieDb */,
				04C0B17F2A6FFB3C00F352D7 /* Products */,
				047AC39F2B1DDEE3009D4C5C /* Frameworks */,
			);
			sourceTree = "<group>";
		};
		04C0B17F2A6FFB3C00F352D7 /* Products */ = {
			isa = PBXGroup;
			children = (
				04C0B17E2A6FFB3C00F352D7 /* SwiftUiMovieDb.app */,
			);
			name = Products;
			sourceTree = "<group>";
		};
		04C0B1802A6FFB3C00F352D7 /* SwiftUiMovieDb */ = {
			isa = PBXGroup;
			children = (
				04DE6EEF2B26F67D00EEB4C2 /* GoogleService-Info.plist */,
				04E5970A2B14BD830031395A /* Common */,
				046E79372AF8CCBF00EACDB1 /* Modules */,
				044FC1C02AF6540500355F87 /* Protocol */,
				04EF600C2AF51D20008918B8 /* Network */,
				046801AA2A72BB3600D0D5D8 /* Bindings */,
				046801A72A72BAE300D0D5D8 /* Views */,
				046801A02A72A88200D0D5D8 /* Resources */,
				046E23AB2A71572B00627816 /* Services */,
				04C0B1902A6FFB7900F352D7 /* Models */,
				04C0B1812A6FFB3C00F352D7 /* SwiftUiMovieDbApp.swift */,
				04C0B1832A6FFB3C00F352D7 /* ContentView.swift */,
				04C0B1852A6FFB3C00F352D7 /* Assets.xcassets */,
				04C0B18A2A6FFB3C00F352D7 /* Info.plist */,
				04C0B1872A6FFB3C00F352D7 /* Preview Content */,
				0468019C2A72356600D0D5D8 /* Utils.swift */,
				049248492A80E00200D922D0 /* AppDelegate.swift */,
			);
			path = SwiftUiMovieDb;
			sourceTree = "<group>";
		};
		04C0B1872A6FFB3C00F352D7 /* Preview Content */ = {
			isa = PBXGroup;
			children = (
				04C0B1882A6FFB3C00F352D7 /* Preview Assets.xcassets */,
			);
			path = "Preview Content";
			sourceTree = "<group>";
		};
		04C0B1902A6FFB7900F352D7 /* Models */ = {
			isa = PBXGroup;
			children = (
				04C0B1912A6FFB9900F352D7 /* Movie.swift */,
				0468019E2A728ADA00D0D5D8 /* Movie+Stub.swift */,
			);
			path = Models;
			sourceTree = "<group>";
		};
		04E5970A2B14BD830031395A /* Common */ = {
			isa = PBXGroup;
			children = (
				047DACE32B1F0F23009AD325 /* DataModels */,
				047DACE22B1F0D51009AD325 /* Views */,
				046F83432B1875F100B81D8D /* Utilities */,
				04EDFE022B15B04E00B9000F /* Extensions */,
				04E5970B2B14BD930031395A /* ViewModifiers */,
			);
			path = Common;
			sourceTree = "<group>";
		};
		04E5970B2B14BD930031395A /* ViewModifiers */ = {
			isa = PBXGroup;
			children = (
				04E5970C2B14BE340031395A /* LoaderViewModifier.swift */,
			);
			path = ViewModifiers;
			sourceTree = "<group>";
		};
		04EDFE022B15B04E00B9000F /* Extensions */ = {
			isa = PBXGroup;
			children = (
				04EDFE032B15C8CF00B9000F /* View+ViewModifiers.swift */,
				04DE6EF32B28852D00EEB4C2 /* Encodable+Extension.swift */,
			);
			path = Extensions;
			sourceTree = "<group>";
		};
		04EF600C2AF51D20008918B8 /* Network */ = {
			isa = PBXGroup;
			children = (
				04EF600D2AF51DA5008918B8 /* EndPoint.swift */,
				04EF600F2AF51E8F008918B8 /* URN.swift */,
				04EF60112AF51F46008918B8 /* BaseUrlType.swift */,
				044FC1BE2AF6514300355F87 /* APIService.swift */,
				047DA1802AF7B3D5002D1E0C /* CodableMapper.swift */,
				047DA1822AF7FD1F002D1E0C /* APIKey.swift */,
				0485A55A2B1089D40069646E /* APIConstant.swift */,
				0484CA042B2339E6008883C7 /* FirebaseClient.swift */,
			);
			path = Network;
			sourceTree = "<group>";
		};
		04FE511D2B208308006C0BA8 /* Discover */ = {
			isa = PBXGroup;
			children = (
				04FE51202B20834A006C0BA8 /* ViewModel */,
				04FE511F2B208343006C0BA8 /* Views */,
				04FE511E2B208330006C0BA8 /* Data */,
			);
			path = Discover;
			sourceTree = "<group>";
		};
		04FE511E2B208330006C0BA8 /* Data */ = {
			isa = PBXGroup;
			children = (
			);
			path = Data;
			sourceTree = "<group>";
		};
		04FE511F2B208343006C0BA8 /* Views */ = {
			isa = PBXGroup;
			children = (
				04FE51212B2083BA006C0BA8 /* DiscoverGenreView.swift */,
			);
			path = Views;
			sourceTree = "<group>";
		};
		04FE51202B20834A006C0BA8 /* ViewModel */ = {
			isa = PBXGroup;
			children = (
				04FE51232B2084C3006C0BA8 /* DiscoverGenreViewModel.swift */,
			);
			path = ViewModel;
			sourceTree = "<group>";
		};
/* End PBXGroup section */

/* Begin PBXNativeTarget section */
		04C0B17D2A6FFB3C00F352D7 /* SwiftUiMovieDb */ = {
			isa = PBXNativeTarget;
			buildConfigurationList = 04C0B18D2A6FFB3C00F352D7 /* Build configuration list for PBXNativeTarget "SwiftUiMovieDb" */;
			buildPhases = (
				04C0B17A2A6FFB3C00F352D7 /* Sources */,
				04C0B17B2A6FFB3C00F352D7 /* Frameworks */,
				04C0B17C2A6FFB3C00F352D7 /* Resources */,
			);
			buildRules = (
			);
			dependencies = (
			);
			name = SwiftUiMovieDb;
			packageProductDependencies = (
				04FA1DBA2B24DDFE00E319A1 /* Kingfisher */,
				04DE6EB92B26F19A00EEB4C2 /* FirebaseAppDistribution-Beta */,
				04DE6EBB2B26F19A00EEB4C2 /* FirebaseInAppMessaging-Beta */,
				04DE6EBD2B26F19A00EEB4C2 /* FirebaseAnalyticsWithoutAdIdSupport */,
				04DE6EBF2B26F19A00EEB4C2 /* FirebaseRemoteConfigSwift */,
				04DE6EC12B26F19A00EEB4C2 /* FirebaseAnalyticsSwift */,
				04DE6EC32B26F19A00EEB4C2 /* FirebaseFirestore */,
				04DE6EC52B26F19A00EEB4C2 /* FirebaseAuthCombine-Community */,
				04DE6EC72B26F19A00EEB4C2 /* FirebaseInstallations */,
				04DE6EC92B26F19A00EEB4C2 /* FirebaseAnalyticsOnDeviceConversion */,
				04DE6ECB2B26F19A00EEB4C2 /* FirebaseDatabaseSwift */,
				04DE6ECD2B26F19A00EEB4C2 /* FirebaseFunctionsCombine-Community */,
				04DE6ECF2B26F19A00EEB4C2 /* FirebaseDatabase */,
				04DE6ED12B26F19A00EEB4C2 /* FirebaseAnalytics */,
				04DE6ED32B26F19A00EEB4C2 /* FirebasePerformance */,
				04DE6ED52B26F19A00EEB4C2 /* FirebaseRemoteConfig */,
				04DE6ED72B26F19A00EEB4C2 /* FirebaseAppCheck */,
				04DE6ED92B26F19A00EEB4C2 /* FirebaseFirestoreSwift */,
				04DE6EDB2B26F19A00EEB4C2 /* FirebaseAuth */,
				04DE6EDD2B26F19A00EEB4C2 /* FirebaseInAppMessagingSwift-Beta */,
				04DE6EDF2B26F19A00EEB4C2 /* FirebaseStorageCombine-Community */,
				04DE6EE12B26F19A00EEB4C2 /* FirebaseMLModelDownloader */,
				04DE6EE32B26F19A00EEB4C2 /* FirebaseCrashlytics */,
				04DE6EE52B26F19A00EEB4C2 /* FirebaseMessaging */,
				04DE6EE72B26F19A00EEB4C2 /* FirebaseStorage */,
				04DE6EE92B26F19A00EEB4C2 /* FirebaseDynamicLinks */,
				04DE6EEB2B26F19A00EEB4C2 /* FirebaseFunctions */,
				04DE6EED2B26F19A00EEB4C2 /* FirebaseFirestoreCombine-Community */,
			);
			productName = SwiftUiMovieDb;
			productReference = 04C0B17E2A6FFB3C00F352D7 /* SwiftUiMovieDb.app */;
			productType = "com.apple.product-type.application";
		};
/* End PBXNativeTarget section */

/* Begin PBXProject section */
		04C0B1762A6FFB3C00F352D7 /* Project object */ = {
			isa = PBXProject;
			attributes = {
				LastSwiftUpdateCheck = 1250;
				LastUpgradeCheck = 1250;
				TargetAttributes = {
					04C0B17D2A6FFB3C00F352D7 = {
						CreatedOnToolsVersion = 12.5;
					};
				};
			};
			buildConfigurationList = 04C0B1792A6FFB3C00F352D7 /* Build configuration list for PBXProject "SwiftUiMovieDb" */;
			compatibilityVersion = "Xcode 9.3";
			developmentRegion = en;
			hasScannedForEncodings = 0;
			knownRegions = (
				en,
				Base,
			);
			mainGroup = 04C0B1752A6FFB3B00F352D7;
			packageReferences = (
				0482D1D12AF3B1650062F6F8 /* XCRemoteSwiftPackageReference "Kingfisher" */,
				04DE6EB82B26F19A00EEB4C2 /* XCRemoteSwiftPackageReference "firebase-ios-sdk" */,
			);
			productRefGroup = 04C0B17F2A6FFB3C00F352D7 /* Products */;
			projectDirPath = "";
			projectRoot = "";
			targets = (
				04C0B17D2A6FFB3C00F352D7 /* SwiftUiMovieDb */,
			);
		};
/* End PBXProject section */

/* Begin PBXResourcesBuildPhase section */
		04C0B17C2A6FFB3C00F352D7 /* Resources */ = {
			isa = PBXResourcesBuildPhase;
			buildActionMask = 2147483647;
			files = (
				04C0B1892A6FFB3C00F352D7 /* Preview Assets.xcassets in Resources */,
				046801A42A72A91300D0D5D8 /* movie_info.json in Resources */,
				046801A52A72A91300D0D5D8 /* movie_list.json in Resources */,
				046801A62A72A91300D0D5D8 /* search_movie.json in Resources */,
				04C0B1862A6FFB3C00F352D7 /* Assets.xcassets in Resources */,
				04DE6EF02B26F67D00EEB4C2 /* GoogleService-Info.plist in Resources */,
			);
			runOnlyForDeploymentPostprocessing = 0;
		};
/* End PBXResourcesBuildPhase section */

/* Begin PBXSourcesBuildPhase section */
		04C0B17A2A6FFB3C00F352D7 /* Sources */ = {
			isa = PBXSourcesBuildPhase;
			buildActionMask = 2147483647;
			files = (
				04C0B1842A6FFB3C00F352D7 /* ContentView.swift in Sources */,
				04EF7C202B125CCE006A829D /* MoviesHomeViewController.swift in Sources */,
				0492484E2A8103C500D922D0 /* MovieDetailState.swift in Sources */,
				04DE6EF42B28852D00EEB4C2 /* Encodable+Extension.swift in Sources */,
				04016B222A7B967F00219D4D /* MovieBackdropCarouselView.swift in Sources */,
				04C0B1822A6FFB3C00F352D7 /* SwiftUiMovieDbApp.swift in Sources */,
				047DACE92B1F43EC009AD325 /* SystemImage.swift in Sources */,
				047DA1832AF7FD1F002D1E0C /* APIKey.swift in Sources */,
				047DACE72B1F3184009AD325 /* GenreView.swift in Sources */,
				04DB76472AF2DDA30016DA21 /* SafariView.swift in Sources */,
				04FE51262B20994F006C0BA8 /* TVListData.swift in Sources */,
				0485A55E2B10B8DB0069646E /* ShowAllMoviesView.swift in Sources */,
				046801A92A72BB1400D0D5D8 /* MovieBackdropCard.swift in Sources */,
				0485A5602B10BB3B0069646E /* MovieCardView.swift in Sources */,
				047DA1812AF7B3D5002D1E0C /* CodableMapper.swift in Sources */,
				0468162B2A7BB04D00365D34 /* MoviePosterCard.swift in Sources */,
				046F83452B18766B00B81D8D /* ViewState.swift in Sources */,
				044FC1BF2AF6514300355F87 /* APIService.swift in Sources */,
				0457014F2B1FA05F0077191B /* GenreViewModel.swift in Sources */,
				046816362A7BC63600365D34 /* LoadingView.swift in Sources */,
				046E23AD2A71575200627816 /* MovieServices.swift in Sources */,
				047AC3AB2B1DECA5009D4C5C /* SearchMovieView.swift in Sources */,
				04E5970D2B14BE340031395A /* LoaderViewModifier.swift in Sources */,
				04D1979E2AF350E9000F148C /* SearchBar.swift in Sources */,
				046816342A7BC42700365D34 /* ActivityIndicatorView.swift in Sources */,
				046816312A7BB95E00365D34 /* MovieListState.swift in Sources */,
				047AC3A62B1DE6CB009D4C5C /* TabSection.swift in Sources */,
				0485A5672B10CD820069646E /* ShowAllMvoiesViewModel.swift in Sources */,
				04EF60122AF51F46008918B8 /* BaseUrlType.swift in Sources */,
				047AC3A42B1DE680009D4C5C /* TabBarView.swift in Sources */,
				0484CA052B2339E6008883C7 /* FirebaseClient.swift in Sources */,
				0457014C2B1F9DE40077191B /* GenreDataModel.swift in Sources */,
				0468162D2A7BB63600365D34 /* MoviePosterCarouselView.swift in Sources */,
				04DE6EF22B28817E00EEB4C2 /* FavoriteMovieModel.swift in Sources */,
				0468019F2A728ADA00D0D5D8 /* Movie+Stub.swift in Sources */,
				048E12822AF355E40001E7C0 /* MovieSearchState.swift in Sources */,
				0492484C2A81017900D922D0 /* MovieDetailView.swift in Sources */,
				04D1979C2AF3506B000F148C /* MovieSearchView.swift in Sources */,
				0485A5572B1072C00069646E /* MovieDetailsData.swift in Sources */,
				04FE51222B2083BA006C0BA8 /* DiscoverGenreView.swift in Sources */,
				04EF60102AF51E8F008918B8 /* URN.swift in Sources */,
				046E793B2AF906BF00EACDB1 /* MovieListData.swift in Sources */,
				04EDFE042B15C8CF00B9000F /* View+ViewModifiers.swift in Sources */,
				04FE51242B2084C3006C0BA8 /* DiscoverGenreViewModel.swift in Sources */,
				046E793F2AF91E6C00EACDB1 /* MovieListViewModel.swift in Sources */,
				04C0B1922A6FFB9900F352D7 /* Movie.swift in Sources */,
				0485A5592B1073630069646E /* MovieDetailsViewModel.swift in Sources */,
				0468162F2A7BB94800365D34 /* MovieListView.swift in Sources */,
				044FC1C22AF6544100355F87 /* DescriptiveErrorType.swift in Sources */,
				04532B092B0F26EC00A037C3 /* LoadingMDBView.swift in Sources */,
				0480908A2B1DF92B00ADACD6 /* SearchMovieViewModel.swift in Sources */,
				0400464B2B2203790084CF80 /* TVSeriesDetailsViewModel.swift in Sources */,
				046E23AF2A7160C100627816 /* MovieStore.swift in Sources */,
				04EF600E2AF51DA5008918B8 /* EndPoint.swift in Sources */,
				0492484A2A80E00200D922D0 /* AppDelegate.swift in Sources */,
				040046482B22031A0084CF80 /* TVSeriesData.swift in Sources */,
				0485A55B2B1089D40069646E /* APIConstant.swift in Sources */,
				040046452B2202E20084CF80 /* TVSeriesDetailsView.swift in Sources */,
				0468019D2A72356600D0D5D8 /* Utils.swift in Sources */,
			);
			runOnlyForDeploymentPostprocessing = 0;
		};
/* End PBXSourcesBuildPhase section */

/* Begin XCBuildConfiguration section */
		04C0B18B2A6FFB3C00F352D7 /* Debug */ = {
			isa = XCBuildConfiguration;
			buildSettings = {
				ALWAYS_SEARCH_USER_PATHS = NO;
				CLANG_ANALYZER_NONNULL = YES;
				CLANG_ANALYZER_NUMBER_OBJECT_CONVERSION = YES_AGGRESSIVE;
				CLANG_CXX_LANGUAGE_STANDARD = "gnu++14";
				CLANG_CXX_LIBRARY = "libc++";
				CLANG_ENABLE_MODULES = YES;
				CLANG_ENABLE_OBJC_ARC = YES;
				CLANG_ENABLE_OBJC_WEAK = YES;
				CLANG_WARN_BLOCK_CAPTURE_AUTORELEASING = YES;
				CLANG_WARN_BOOL_CONVERSION = YES;
				CLANG_WARN_COMMA = YES;
				CLANG_WARN_CONSTANT_CONVERSION = YES;
				CLANG_WARN_DEPRECATED_OBJC_IMPLEMENTATIONS = YES;
				CLANG_WARN_DIRECT_OBJC_ISA_USAGE = YES_ERROR;
				CLANG_WARN_DOCUMENTATION_COMMENTS = YES;
				CLANG_WARN_EMPTY_BODY = YES;
				CLANG_WARN_ENUM_CONVERSION = YES;
				CLANG_WARN_INFINITE_RECURSION = YES;
				CLANG_WARN_INT_CONVERSION = YES;
				CLANG_WARN_NON_LITERAL_NULL_CONVERSION = YES;
				CLANG_WARN_OBJC_IMPLICIT_RETAIN_SELF = YES;
				CLANG_WARN_OBJC_LITERAL_CONVERSION = YES;
				CLANG_WARN_OBJC_ROOT_CLASS = YES_ERROR;
				CLANG_WARN_QUOTED_INCLUDE_IN_FRAMEWORK_HEADER = YES;
				CLANG_WARN_RANGE_LOOP_ANALYSIS = YES;
				CLANG_WARN_STRICT_PROTOTYPES = YES;
				CLANG_WARN_SUSPICIOUS_MOVE = YES;
				CLANG_WARN_UNGUARDED_AVAILABILITY = YES_AGGRESSIVE;
				CLANG_WARN_UNREACHABLE_CODE = YES;
				CLANG_WARN__DUPLICATE_METHOD_MATCH = YES;
				COPY_PHASE_STRIP = NO;
				DEBUG_INFORMATION_FORMAT = dwarf;
				ENABLE_STRICT_OBJC_MSGSEND = YES;
				ENABLE_TESTABILITY = YES;
				GCC_C_LANGUAGE_STANDARD = gnu11;
				GCC_DYNAMIC_NO_PIC = NO;
				GCC_NO_COMMON_BLOCKS = YES;
				GCC_OPTIMIZATION_LEVEL = 0;
				GCC_PREPROCESSOR_DEFINITIONS = (
					"DEBUG=1",
					"$(inherited)",
				);
				GCC_WARN_64_TO_32_BIT_CONVERSION = YES;
				GCC_WARN_ABOUT_RETURN_TYPE = YES_ERROR;
				GCC_WARN_UNDECLARED_SELECTOR = YES;
				GCC_WARN_UNINITIALIZED_AUTOS = YES_AGGRESSIVE;
				GCC_WARN_UNUSED_FUNCTION = YES;
				GCC_WARN_UNUSED_VARIABLE = YES;
				IPHONEOS_DEPLOYMENT_TARGET = 14.5;
				MTL_ENABLE_DEBUG_INFO = INCLUDE_SOURCE;
				MTL_FAST_MATH = YES;
				ONLY_ACTIVE_ARCH = YES;
				SDKROOT = iphoneos;
				SWIFT_ACTIVE_COMPILATION_CONDITIONS = DEBUG;
				SWIFT_OPTIMIZATION_LEVEL = "-Onone";
			};
			name = Debug;
		};
		04C0B18C2A6FFB3C00F352D7 /* Release */ = {
			isa = XCBuildConfiguration;
			buildSettings = {
				ALWAYS_SEARCH_USER_PATHS = NO;
				CLANG_ANALYZER_NONNULL = YES;
				CLANG_ANALYZER_NUMBER_OBJECT_CONVERSION = YES_AGGRESSIVE;
				CLANG_CXX_LANGUAGE_STANDARD = "gnu++14";
				CLANG_CXX_LIBRARY = "libc++";
				CLANG_ENABLE_MODULES = YES;
				CLANG_ENABLE_OBJC_ARC = YES;
				CLANG_ENABLE_OBJC_WEAK = YES;
				CLANG_WARN_BLOCK_CAPTURE_AUTORELEASING = YES;
				CLANG_WARN_BOOL_CONVERSION = YES;
				CLANG_WARN_COMMA = YES;
				CLANG_WARN_CONSTANT_CONVERSION = YES;
				CLANG_WARN_DEPRECATED_OBJC_IMPLEMENTATIONS = YES;
				CLANG_WARN_DIRECT_OBJC_ISA_USAGE = YES_ERROR;
				CLANG_WARN_DOCUMENTATION_COMMENTS = YES;
				CLANG_WARN_EMPTY_BODY = YES;
				CLANG_WARN_ENUM_CONVERSION = YES;
				CLANG_WARN_INFINITE_RECURSION = YES;
				CLANG_WARN_INT_CONVERSION = YES;
				CLANG_WARN_NON_LITERAL_NULL_CONVERSION = YES;
				CLANG_WARN_OBJC_IMPLICIT_RETAIN_SELF = YES;
				CLANG_WARN_OBJC_LITERAL_CONVERSION = YES;
				CLANG_WARN_OBJC_ROOT_CLASS = YES_ERROR;
				CLANG_WARN_QUOTED_INCLUDE_IN_FRAMEWORK_HEADER = YES;
				CLANG_WARN_RANGE_LOOP_ANALYSIS = YES;
				CLANG_WARN_STRICT_PROTOTYPES = YES;
				CLANG_WARN_SUSPICIOUS_MOVE = YES;
				CLANG_WARN_UNGUARDED_AVAILABILITY = YES_AGGRESSIVE;
				CLANG_WARN_UNREACHABLE_CODE = YES;
				CLANG_WARN__DUPLICATE_METHOD_MATCH = YES;
				COPY_PHASE_STRIP = NO;
				DEBUG_INFORMATION_FORMAT = "dwarf-with-dsym";
				ENABLE_NS_ASSERTIONS = NO;
				ENABLE_STRICT_OBJC_MSGSEND = YES;
				GCC_C_LANGUAGE_STANDARD = gnu11;
				GCC_NO_COMMON_BLOCKS = YES;
				GCC_WARN_64_TO_32_BIT_CONVERSION = YES;
				GCC_WARN_ABOUT_RETURN_TYPE = YES_ERROR;
				GCC_WARN_UNDECLARED_SELECTOR = YES;
				GCC_WARN_UNINITIALIZED_AUTOS = YES_AGGRESSIVE;
				GCC_WARN_UNUSED_FUNCTION = YES;
				GCC_WARN_UNUSED_VARIABLE = YES;
				IPHONEOS_DEPLOYMENT_TARGET = 14.5;
				MTL_ENABLE_DEBUG_INFO = NO;
				MTL_FAST_MATH = YES;
				SDKROOT = iphoneos;
				SWIFT_COMPILATION_MODE = wholemodule;
				SWIFT_OPTIMIZATION_LEVEL = "-O";
				VALIDATE_PRODUCT = YES;
			};
			name = Release;
		};
		04C0B18E2A6FFB3C00F352D7 /* Debug */ = {
			isa = XCBuildConfiguration;
			buildSettings = {
				ASSETCATALOG_COMPILER_APPICON_NAME = AppIcon;
				ASSETCATALOG_COMPILER_GLOBAL_ACCENT_COLOR_NAME = AccentColor;
				CODE_SIGN_STYLE = Automatic;
				DEVELOPMENT_ASSET_PATHS = "\"SwiftUiMovieDb/Preview Content\"";
				ENABLE_PREVIEWS = YES;
				INFOPLIST_FILE = SwiftUiMovieDb/Info.plist;
				IPHONEOS_DEPLOYMENT_TARGET = 14.0;
				LD_RUNPATH_SEARCH_PATHS = (
					"$(inherited)",
					"@executable_path/Frameworks",
				);
				PRODUCT_BUNDLE_IDENTIFIER = com.techstack.SwiftUiMovieDb;
				PRODUCT_NAME = "$(TARGET_NAME)";
				SUPPORTED_PLATFORMS = "iphoneos iphonesimulator";
				SUPPORTS_MACCATALYST = NO;
				SUPPORTS_MAC_DESIGNED_FOR_IPHONE_IPAD = NO;
				SWIFT_VERSION = 5.0;
				TARGETED_DEVICE_FAMILY = "1,2";
			};
			name = Debug;
		};
		04C0B18F2A6FFB3C00F352D7 /* Release */ = {
			isa = XCBuildConfiguration;
			buildSettings = {
				ASSETCATALOG_COMPILER_APPICON_NAME = AppIcon;
				ASSETCATALOG_COMPILER_GLOBAL_ACCENT_COLOR_NAME = AccentColor;
				CODE_SIGN_STYLE = Automatic;
				DEVELOPMENT_ASSET_PATHS = "\"SwiftUiMovieDb/Preview Content\"";
				ENABLE_PREVIEWS = YES;
				INFOPLIST_FILE = SwiftUiMovieDb/Info.plist;
				IPHONEOS_DEPLOYMENT_TARGET = 14.0;
				LD_RUNPATH_SEARCH_PATHS = (
					"$(inherited)",
					"@executable_path/Frameworks",
				);
				PRODUCT_BUNDLE_IDENTIFIER = com.techstack.SwiftUiMovieDb;
				PRODUCT_NAME = "$(TARGET_NAME)";
				SUPPORTED_PLATFORMS = "iphoneos iphonesimulator";
				SUPPORTS_MACCATALYST = NO;
				SUPPORTS_MAC_DESIGNED_FOR_IPHONE_IPAD = NO;
				SWIFT_VERSION = 5.0;
				TARGETED_DEVICE_FAMILY = "1,2";
			};
			name = Release;
		};
/* End XCBuildConfiguration section */

/* Begin XCConfigurationList section */
		04C0B1792A6FFB3C00F352D7 /* Build configuration list for PBXProject "SwiftUiMovieDb" */ = {
			isa = XCConfigurationList;
			buildConfigurations = (
				04C0B18B2A6FFB3C00F352D7 /* Debug */,
				04C0B18C2A6FFB3C00F352D7 /* Release */,
			);
			defaultConfigurationIsVisible = 0;
			defaultConfigurationName = Release;
		};
		04C0B18D2A6FFB3C00F352D7 /* Build configuration list for PBXNativeTarget "SwiftUiMovieDb" */ = {
			isa = XCConfigurationList;
			buildConfigurations = (
				04C0B18E2A6FFB3C00F352D7 /* Debug */,
				04C0B18F2A6FFB3C00F352D7 /* Release */,
			);
			defaultConfigurationIsVisible = 0;
			defaultConfigurationName = Release;
		};
/* End XCConfigurationList section */

/* Begin XCRemoteSwiftPackageReference section */
		0482D1D12AF3B1650062F6F8 /* XCRemoteSwiftPackageReference "Kingfisher" */ = {
			isa = XCRemoteSwiftPackageReference;
			repositoryURL = "https://github.com/onevcat/Kingfisher.git";
			requirement = {
				kind = upToNextMajorVersion;
				minimumVersion = 7.10.0;
			};
		};
		04DE6EB82B26F19A00EEB4C2 /* XCRemoteSwiftPackageReference "firebase-ios-sdk" */ = {
			isa = XCRemoteSwiftPackageReference;
			repositoryURL = "https://github.com/firebase/firebase-ios-sdk.git";
			requirement = {
				kind = upToNextMajorVersion;
				minimumVersion = 9.0.0;
			};
		};
/* End XCRemoteSwiftPackageReference section */

/* Begin XCSwiftPackageProductDependency section */
		04DE6EB92B26F19A00EEB4C2 /* FirebaseAppDistribution-Beta */ = {
			isa = XCSwiftPackageProductDependency;
			package = 04DE6EB82B26F19A00EEB4C2 /* XCRemoteSwiftPackageReference "firebase-ios-sdk" */;
			productName = "FirebaseAppDistribution-Beta";
		};
		04DE6EBB2B26F19A00EEB4C2 /* FirebaseInAppMessaging-Beta */ = {
			isa = XCSwiftPackageProductDependency;
			package = 04DE6EB82B26F19A00EEB4C2 /* XCRemoteSwiftPackageReference "firebase-ios-sdk" */;
			productName = "FirebaseInAppMessaging-Beta";
		};
		04DE6EBD2B26F19A00EEB4C2 /* FirebaseAnalyticsWithoutAdIdSupport */ = {
			isa = XCSwiftPackageProductDependency;
			package = 04DE6EB82B26F19A00EEB4C2 /* XCRemoteSwiftPackageReference "firebase-ios-sdk" */;
			productName = FirebaseAnalyticsWithoutAdIdSupport;
		};
		04DE6EBF2B26F19A00EEB4C2 /* FirebaseRemoteConfigSwift */ = {
			isa = XCSwiftPackageProductDependency;
			package = 04DE6EB82B26F19A00EEB4C2 /* XCRemoteSwiftPackageReference "firebase-ios-sdk" */;
			productName = FirebaseRemoteConfigSwift;
		};
		04DE6EC12B26F19A00EEB4C2 /* FirebaseAnalyticsSwift */ = {
			isa = XCSwiftPackageProductDependency;
			package = 04DE6EB82B26F19A00EEB4C2 /* XCRemoteSwiftPackageReference "firebase-ios-sdk" */;
			productName = FirebaseAnalyticsSwift;
		};
		04DE6EC32B26F19A00EEB4C2 /* FirebaseFirestore */ = {
			isa = XCSwiftPackageProductDependency;
			package = 04DE6EB82B26F19A00EEB4C2 /* XCRemoteSwiftPackageReference "firebase-ios-sdk" */;
			productName = FirebaseFirestore;
		};
		04DE6EC52B26F19A00EEB4C2 /* FirebaseAuthCombine-Community */ = {
			isa = XCSwiftPackageProductDependency;
			package = 04DE6EB82B26F19A00EEB4C2 /* XCRemoteSwiftPackageReference "firebase-ios-sdk" */;
			productName = "FirebaseAuthCombine-Community";
		};
		04DE6EC72B26F19A00EEB4C2 /* FirebaseInstallations */ = {
			isa = XCSwiftPackageProductDependency;
			package = 04DE6EB82B26F19A00EEB4C2 /* XCRemoteSwiftPackageReference "firebase-ios-sdk" */;
			productName = FirebaseInstallations;
		};
		04DE6EC92B26F19A00EEB4C2 /* FirebaseAnalyticsOnDeviceConversion */ = {
			isa = XCSwiftPackageProductDependency;
			package = 04DE6EB82B26F19A00EEB4C2 /* XCRemoteSwiftPackageReference "firebase-ios-sdk" */;
			productName = FirebaseAnalyticsOnDeviceConversion;
		};
		04DE6ECB2B26F19A00EEB4C2 /* FirebaseDatabaseSwift */ = {
			isa = XCSwiftPackageProductDependency;
			package = 04DE6EB82B26F19A00EEB4C2 /* XCRemoteSwiftPackageReference "firebase-ios-sdk" */;
			productName = FirebaseDatabaseSwift;
		};
		04DE6ECD2B26F19A00EEB4C2 /* FirebaseFunctionsCombine-Community */ = {
			isa = XCSwiftPackageProductDependency;
			package = 04DE6EB82B26F19A00EEB4C2 /* XCRemoteSwiftPackageReference "firebase-ios-sdk" */;
			productName = "FirebaseFunctionsCombine-Community";
		};
		04DE6ECF2B26F19A00EEB4C2 /* FirebaseDatabase */ = {
			isa = XCSwiftPackageProductDependency;
			package = 04DE6EB82B26F19A00EEB4C2 /* XCRemoteSwiftPackageReference "firebase-ios-sdk" */;
			productName = FirebaseDatabase;
		};
		04DE6ED12B26F19A00EEB4C2 /* FirebaseAnalytics */ = {
			isa = XCSwiftPackageProductDependency;
			package = 04DE6EB82B26F19A00EEB4C2 /* XCRemoteSwiftPackageReference "firebase-ios-sdk" */;
			productName = FirebaseAnalytics;
		};
		04DE6ED32B26F19A00EEB4C2 /* FirebasePerformance */ = {
			isa = XCSwiftPackageProductDependency;
			package = 04DE6EB82B26F19A00EEB4C2 /* XCRemoteSwiftPackageReference "firebase-ios-sdk" */;
			productName = FirebasePerformance;
		};
		04DE6ED52B26F19A00EEB4C2 /* FirebaseRemoteConfig */ = {
			isa = XCSwiftPackageProductDependency;
			package = 04DE6EB82B26F19A00EEB4C2 /* XCRemoteSwiftPackageReference "firebase-ios-sdk" */;
			productName = FirebaseRemoteConfig;
		};
		04DE6ED72B26F19A00EEB4C2 /* FirebaseAppCheck */ = {
			isa = XCSwiftPackageProductDependency;
			package = 04DE6EB82B26F19A00EEB4C2 /* XCRemoteSwiftPackageReference "firebase-ios-sdk" */;
			productName = FirebaseAppCheck;
		};
		04DE6ED92B26F19A00EEB4C2 /* FirebaseFirestoreSwift */ = {
			isa = XCSwiftPackageProductDependency;
			package = 04DE6EB82B26F19A00EEB4C2 /* XCRemoteSwiftPackageReference "firebase-ios-sdk" */;
			productName = FirebaseFirestoreSwift;
		};
		04DE6EDB2B26F19A00EEB4C2 /* FirebaseAuth */ = {
			isa = XCSwiftPackageProductDependency;
			package = 04DE6EB82B26F19A00EEB4C2 /* XCRemoteSwiftPackageReference "firebase-ios-sdk" */;
			productName = FirebaseAuth;
		};
		04DE6EDD2B26F19A00EEB4C2 /* FirebaseInAppMessagingSwift-Beta */ = {
			isa = XCSwiftPackageProductDependency;
			package = 04DE6EB82B26F19A00EEB4C2 /* XCRemoteSwiftPackageReference "firebase-ios-sdk" */;
			productName = "FirebaseInAppMessagingSwift-Beta";
		};
		04DE6EDF2B26F19A00EEB4C2 /* FirebaseStorageCombine-Community */ = {
			isa = XCSwiftPackageProductDependency;
			package = 04DE6EB82B26F19A00EEB4C2 /* XCRemoteSwiftPackageReference "firebase-ios-sdk" */;
			productName = "FirebaseStorageCombine-Community";
		};
		04DE6EE12B26F19A00EEB4C2 /* FirebaseMLModelDownloader */ = {
			isa = XCSwiftPackageProductDependency;
			package = 04DE6EB82B26F19A00EEB4C2 /* XCRemoteSwiftPackageReference "firebase-ios-sdk" */;
			productName = FirebaseMLModelDownloader;
		};
		04DE6EE32B26F19A00EEB4C2 /* FirebaseCrashlytics */ = {
			isa = XCSwiftPackageProductDependency;
			package = 04DE6EB82B26F19A00EEB4C2 /* XCRemoteSwiftPackageReference "firebase-ios-sdk" */;
			productName = FirebaseCrashlytics;
		};
		04DE6EE52B26F19A00EEB4C2 /* FirebaseMessaging */ = {
			isa = XCSwiftPackageProductDependency;
			package = 04DE6EB82B26F19A00EEB4C2 /* XCRemoteSwiftPackageReference "firebase-ios-sdk" */;
			productName = FirebaseMessaging;
		};
		04DE6EE72B26F19A00EEB4C2 /* FirebaseStorage */ = {
			isa = XCSwiftPackageProductDependency;
			package = 04DE6EB82B26F19A00EEB4C2 /* XCRemoteSwiftPackageReference "firebase-ios-sdk" */;
			productName = FirebaseStorage;
		};
		04DE6EE92B26F19A00EEB4C2 /* FirebaseDynamicLinks */ = {
			isa = XCSwiftPackageProductDependency;
			package = 04DE6EB82B26F19A00EEB4C2 /* XCRemoteSwiftPackageReference "firebase-ios-sdk" */;
			productName = FirebaseDynamicLinks;
		};
		04DE6EEB2B26F19A00EEB4C2 /* FirebaseFunctions */ = {
			isa = XCSwiftPackageProductDependency;
			package = 04DE6EB82B26F19A00EEB4C2 /* XCRemoteSwiftPackageReference "firebase-ios-sdk" */;
			productName = FirebaseFunctions;
		};
		04DE6EED2B26F19A00EEB4C2 /* FirebaseFirestoreCombine-Community */ = {
			isa = XCSwiftPackageProductDependency;
			package = 04DE6EB82B26F19A00EEB4C2 /* XCRemoteSwiftPackageReference "firebase-ios-sdk" */;
			productName = "FirebaseFirestoreCombine-Community";
		};
		04FA1DBA2B24DDFE00E319A1 /* Kingfisher */ = {
			isa = XCSwiftPackageProductDependency;
			package = 0482D1D12AF3B1650062F6F8 /* XCRemoteSwiftPackageReference "Kingfisher" */;
			productName = Kingfisher;
		};
/* End XCSwiftPackageProductDependency section */
	};
	rootObject = 04C0B1762A6FFB3C00F352D7 /* Project object */;
}
