{
  "object": {
    "pins": [
      {
        "package": "Kingfisher",
        "repositoryURL": "https://github.com/onevcat/Kingfisher.git",
        "state": {
          "branch": null,
          "revision": "277f1ab2c6664b19b4a412e32b094b201e2d5757",
          "version": "7.10.0"
        }
      }
    ]
  },
  "version": 1
}
